
Microsoft Visual Studio Solution File, Format Version 12.00
# Visual Studio Version 17
VisualStudioVersion = 17.7.34031.279
MinimumVisualStudioVersion = 10.0.40219.1
Project("{8BC9CEB8-8B4A-11D0-8D11-00A0C91BC942}") = "GEMM", "GEMM.vcxproj", "{900CB851-5E66-4CD0-ABD3-EC81780FE1A4}"
EndProject
Project("{8BC9CEB8-8B4A-11D0-8D11-00A0C91BC942}") = "MKT", "..\MKT\MKT.vcxproj", "{DD332E56-DA42-418A-AC83-CB4406A586DE}"
EndProject
Project("{8BC9CEB8-8B4A-11D0-8D11-00A0C91BC942}") = "Tests", "..\Tests\Tests.vcxproj", "{BD2A942D-5E44-4314-9E0B-27769CB52A06}"
EndProject
Global
	GlobalSection(SolutionConfigurationPlatforms) = preSolution
		Debug|x64 = Debug|x64
		Debug|x86 = Debug|x86
		Release|x64 = Release|x64
		Release|x86 = Release|x86
	EndGlobalSection
	GlobalSection(ProjectConfigurationPlatforms) = postSolution
		{900CB851-5E66-4CD0-ABD3-EC81780FE1A4}.Debug|x64.ActiveCfg = Debug|x64
		{900CB851-5E66-4CD0-ABD3-EC81780FE1A4}.Debug|x64.Build.0 = Debug|x64
		{900CB851-5E66-4CD0-ABD3-EC81780FE1A4}.Debug|x86.ActiveCfg = Debug|x64
		{900CB851-5E66-4CD0-ABD3-EC81780FE1A4}.Debug|x86.Build.0 = Debug|x64
		{900CB851-5E66-4CD0-ABD3-EC81780FE1A4}.Release|x64.ActiveCfg = Release|x64
		{900CB851-5E66-4CD0-ABD3-EC81780FE1A4}.Release|x64.Build.0 = Release|x64
		{900CB851-5E66-4CD0-ABD3-EC81780FE1A4}.Release|x86.ActiveCfg = Release|x64
		{900CB851-5E66-4CD0-ABD3-EC81780FE1A4}.Release|x86.Build.0 = Release|x64
		{DD332E56-DA42-418A-AC83-CB4406A586DE}.Debug|x64.ActiveCfg = Debug|x64
		{DD332E56-DA42-418A-AC83-CB4406A586DE}.Debug|x64.Build.0 = Debug|x64
		{DD332E56-DA42-418A-AC83-CB4406A586DE}.Debug|x86.ActiveCfg = Debug|Win32
		{DD332E56-DA42-418A-AC83-CB4406A586DE}.Debug|x86.Build.0 = Debug|Win32
		{DD332E56-DA42-418A-AC83-CB4406A586DE}.Release|x64.ActiveCfg = Release|x64
		{DD332E56-DA42-418A-AC83-CB4406A586DE}.Release|x64.Build.0 = Release|x64
		{DD332E56-DA42-418A-AC83-CB4406A586DE}.Release|x86.ActiveCfg = Release|Win32
		{DD332E56-DA42-418A-AC83-CB4406A586DE}.Release|x86.Build.0 = Release|Win32
		{BD2A942D-5E44-4314-9E0B-27769CB52A06}.Debug|x64.ActiveCfg = Debug|x64
		{BD2A942D-5E44-4314-9E0B-27769CB52A06}.Debug|x64.Build.0 = Debug|x64
		{BD2A942D-5E44-4314-9E0B-27769CB52A06}.Debug|x86.ActiveCfg = Debug|Win32
		{BD2A942D-5E44-4314-9E0B-27769CB52A06}.Debug|x86.Build.0 = Debug|Win32
		{BD2A942D-5E44-4314-9E0B-27769CB52A06}.Release|x64.ActiveCfg = Release|x64
		{BD2A942D-5E44-4314-9E0B-27769CB52A06}.Release|x64.Build.0 = Release|x64
		{BD2A942D-5E44-4314-9E0B-27769CB52A06}.Release|x86.ActiveCfg = Release|Win32
		{BD2A942D-5E44-4314-9E0B-27769CB52A06}.Release|x86.Build.0 = Release|Win32
	EndGlobalSection
	GlobalSection(SolutionProperties) = preSolution
		HideSolutionNode = FALSE
	EndGlobalSection
	GlobalSection(ExtensibilityGlobals) = postSolution
		SolutionGuid = {B7266BDA-5B36-4380-A04D-D57B15F6C4F2}
	EndGlobalSection
EndGlobal
